
Microsoft Visual Studio Solution File, Format Version 12.00
# Visual Studio 15
VisualStudioVersion = 15.0.27130.2010
MinimumVisualStudioVersion = 10.0.40219.1
Project("{FAE04EC0-301F-11D3-BF4B-00C04F79EFBC}") = "WebApplication.Api", "WebApplication.Api\WebApplication.Api.csproj", "{C728790F-DD22-41B6-91BD-3465D4D32DF7}"
EndProject
Global
	GlobalSection(SolutionConfigurationPlatforms) = preSolution
		Debug|Any CPU = Debug|Any CPU
		Release|Any CPU = Release|Any CPU
	EndGlobalSection
	GlobalSection(ProjectConfigurationPlatforms) = postSolution
		{C728790F-DD22-41B6-91BD-3465D4D32DF7}.Debug|Any CPU.ActiveCfg = Debug|Any CPU
		{C728790F-DD22-41B6-91BD-3465D4D32DF7}.Debug|Any CPU.Build.0 = Debug|Any CPU
		{C728790F-DD22-41B6-91BD-3465D4D32DF7}.Release|Any CPU.ActiveCfg = Release|Any CPU
		{C728790F-DD22-41B6-91BD-3465D4D32DF7}.Release|Any CPU.Build.0 = Release|Any CPU
	EndGlobalSection
	GlobalSection(SolutionProperties) = preSolution
		HideSolutionNode = FALSE
	EndGlobalSection
	GlobalSection(ExtensibilityGlobals) = postSolution
		SolutionGuid = {004CFB8E-AB90-4D71-8C3E-FB3F8FC53E6C}
	EndGlobalSection
EndGlobal
